// !$*UTF8*$!
{
	archiveVersion = 1;
	classes = {
	};
	objectVersion = 46;
	objects = {

/* Begin PBXBuildFile section */
		D35A299A1ACDA7080028326D /* main.m in Sources */ = {isa = PBXBuildFile; fileRef = D35A29991ACDA7080028326D /* main.m */; };
		D35A299D1ACDA7080028326D /* AppDelegate.m in Sources */ = {isa = PBXBuildFile; fileRef = D35A299C1ACDA7080028326D /* AppDelegate.m */; };
		D35A29A01ACDA7080028326D /* ViewController.m in Sources */ = {isa = PBXBuildFile; fileRef = D35A299F1ACDA7080028326D /* ViewController.m */; };
		D35A29A31ACDA7080028326D /* Main.storyboard in Resources */ = {isa = PBXBuildFile; fileRef = D35A29A11ACDA7080028326D /* Main.storyboard */; };
		D35A29A51ACDA7080028326D /* Images.xcassets in Resources */ = {isa = PBXBuildFile; fileRef = D35A29A41ACDA7080028326D /* Images.xcassets */; };
		D35A29A81ACDA7080028326D /* LaunchScreen.xib in Resources */ = {isa = PBXBuildFile; fileRef = D35A29A61ACDA7080028326D /* LaunchScreen.xib */; };
		D35A29B41ACDA7090028326D /* AgentYouTests.m in Sources */ = {isa = PBXBuildFile; fileRef = D35A29B31ACDA7090028326D /* AgentYouTests.m */; };
		D35A29C21AD2ED640028326D /* LoginViewController.m in Sources */ = {isa = PBXBuildFile; fileRef = D35A29C11AD2ED640028326D /* LoginViewController.m */; };
		D35A29C51AD2F0D40028326D /* RegisterViewController.m in Sources */ = {isa = PBXBuildFile; fileRef = D35A29C41AD2F0D40028326D /* RegisterViewController.m */; };
		D35A29C81AD2F17C0028326D /* DashBoardViewController.m in Sources */ = {isa = PBXBuildFile; fileRef = D35A29C71AD2F17C0028326D /* DashBoardViewController.m */; };
		D35A29CC1AD2F1D30028326D /* IdentifyViewController.m in Sources */ = {isa = PBXBuildFile; fileRef = D35A29CB1AD2F1D30028326D /* IdentifyViewController.m */; };
		D35A29CF1AD326F40028326D /* CreateAgentHashController.m in Sources */ = {isa = PBXBuildFile; fileRef = D35A29CE1AD326F40028326D /* CreateAgentHashController.m */; };
/* End PBXBuildFile section */

/* Begin PBXContainerItemProxy section */
		D35A29AE1ACDA7080028326D /* PBXContainerItemProxy */ = {
			isa = PBXContainerItemProxy;
			containerPortal = D35A298C1ACDA7080028326D /* Project object */;
			proxyType = 1;
			remoteGlobalIDString = D35A29931ACDA7080028326D;
			remoteInfo = AgentYou;
		};
/* End PBXContainerItemProxy section */

/* Begin PBXFileReference section */
		D35A29941ACDA7080028326D /* AgentYou.app */ = {isa = PBXFileReference; explicitFileType = wrapper.application; includeInIndex = 0; path = AgentYou.app; sourceTree = BUILT_PRODUCTS_DIR; };
		D35A29981ACDA7080028326D /* Info.plist */ = {isa = PBXFileReference; lastKnownFileType = text.plist.xml; path = Info.plist; sourceTree = "<group>"; };
		D35A29991ACDA7080028326D /* main.m */ = {isa = PBXFileReference; lastKnownFileType = sourcecode.c.objc; path = main.m; sourceTree = "<group>"; };
		D35A299B1ACDA7080028326D /* AppDelegate.h */ = {isa = PBXFileReference; lastKnownFileType = sourcecode.c.h; path = AppDelegate.h; sourceTree = "<group>"; };
		D35A299C1ACDA7080028326D /* AppDelegate.m */ = {isa = PBXFileReference; lastKnownFileType = sourcecode.c.objc; path = AppDelegate.m; sourceTree = "<group>"; };
		D35A299E1ACDA7080028326D /* ViewController.h */ = {isa = PBXFileReference; lastKnownFileType = sourcecode.c.h; path = ViewController.h; sourceTree = "<group>"; };
		D35A299F1ACDA7080028326D /* ViewController.m */ = {isa = PBXFileReference; lastKnownFileType = sourcecode.c.objc; path = ViewController.m; sourceTree = "<group>"; };
		D35A29A21ACDA7080028326D /* Base */ = {isa = PBXFileReference; lastKnownFileType = file.storyboard; name = Base; path = Base.lproj/Main.storyboard; sourceTree = "<group>"; };
		D35A29A41ACDA7080028326D /* Images.xcassets */ = {isa = PBXFileReference; lastKnownFileType = folder.assetcatalog; path = Images.xcassets; sourceTree = "<group>"; };
		D35A29A71ACDA7080028326D /* Base */ = {isa = PBXFileReference; lastKnownFileType = file.xib; name = Base; path = Base.lproj/LaunchScreen.xib; sourceTree = "<group>"; };
		D35A29AD1ACDA7080028326D /* AgentYouTests.xctest */ = {isa = PBXFileReference; explicitFileType = wrapper.cfbundle; includeInIndex = 0; path = AgentYouTests.xctest; sourceTree = BUILT_PRODUCTS_DIR; };
		D35A29B21ACDA7080028326D /* Info.plist */ = {isa = PBXFileReference; lastKnownFileType = text.plist.xml; path = Info.plist; sourceTree = "<group>"; };
		D35A29B31ACDA7090028326D /* AgentYouTests.m */ = {isa = PBXFileReference; lastKnownFileType = sourcecode.c.objc; path = AgentYouTests.m; sourceTree = "<group>"; };
		D35A29C11AD2ED640028326D /* LoginViewController.m */ = {isa = PBXFileReference; fileEncoding = 4; lastKnownFileType = sourcecode.c.objc; path = LoginViewController.m; sourceTree = "<group>"; };
		D35A29C31AD2ED880028326D /* LoginViewController.h */ = {isa = PBXFileReference; fileEncoding = 4; lastKnownFileType = sourcecode.c.h; path = LoginViewController.h; sourceTree = "<group>"; };
		D35A29C41AD2F0D40028326D /* RegisterViewController.m */ = {isa = PBXFileReference; fileEncoding = 4; lastKnownFileType = sourcecode.c.objc; path = RegisterViewController.m; sourceTree = "<group>"; };
		D35A29C61AD2F0F00028326D /* RegisterViewController.h */ = {isa = PBXFileReference; fileEncoding = 4; lastKnownFileType = sourcecode.c.h; path = RegisterViewController.h; sourceTree = "<group>"; };
		D35A29C71AD2F17C0028326D /* DashBoardViewController.m */ = {isa = PBXFileReference; fileEncoding = 4; lastKnownFileType = sourcecode.c.objc; path = DashBoardViewController.m; sourceTree = "<group>"; };
		D35A29C91AD2F1940028326D /* DashBoardViewController.h */ = {isa = PBXFileReference; fileEncoding = 4; lastKnownFileType = sourcecode.c.h; path = DashBoardViewController.h; sourceTree = "<group>"; };
		D35A29CA1AD2F1B20028326D /* IdentifyViewController.h */ = {isa = PBXFileReference; fileEncoding = 4; lastKnownFileType = sourcecode.c.h; path = IdentifyViewController.h; sourceTree = "<group>"; };
		D35A29CB1AD2F1D30028326D /* IdentifyViewController.m */ = {isa = PBXFileReference; fileEncoding = 4; lastKnownFileType = sourcecode.c.objc; path = IdentifyViewController.m; sourceTree = "<group>"; };
		D35A29CE1AD326F40028326D /* CreateAgentHashController.m */ = {isa = PBXFileReference; fileEncoding = 4; lastKnownFileType = sourcecode.c.objc; path = CreateAgentHashController.m; sourceTree = "<group>"; };
		D35A29D01AD327200028326D /* CreateAgentHashController.h */ = {isa = PBXFileReference; lastKnownFileType = sourcecode.c.h; path = CreateAgentHashController.h; sourceTree = "<group>"; };
/* End PBXFileReference section */

/* Begin PBXFrameworksBuildPhase section */
		D35A29911ACDA7080028326D /* Frameworks */ = {
			isa = PBXFrameworksBuildPhase;
			buildActionMask = 2147483647;
			files = (
			);
			runOnlyForDeploymentPostprocessing = 0;
		};
		D35A29AA1ACDA7080028326D /* Frameworks */ = {
			isa = PBXFrameworksBuildPhase;
			buildActionMask = 2147483647;
			files = (
			);
			runOnlyForDeploymentPostprocessing = 0;
		};
/* End PBXFrameworksBuildPhase section */

/* Begin PBXGroup section */
		D35A298B1ACDA7080028326D = {
			isa = PBXGroup;
			children = (
				D35A29961ACDA7080028326D /* AgentYou */,
				D35A29B01ACDA7080028326D /* AgentYouTests */,
				D35A29951ACDA7080028326D /* Products */,
			);
			sourceTree = "<group>";
		};
		D35A29951ACDA7080028326D /* Products */ = {
			isa = PBXGroup;
			children = (
				D35A29941ACDA7080028326D /* AgentYou.app */,
				D35A29AD1ACDA7080028326D /* AgentYouTests.xctest */,
			);
			name = Products;
			sourceTree = "<group>";
		};
		D35A29961ACDA7080028326D /* AgentYou */ = {
			isa = PBXGroup;
			children = (
				D35A29CD1AD3269C0028326D /* CreateAgentHashController */,
				D35A29C01AD2DACA0028326D /* Identify */,
				D35A29BF1AD2DABF0028326D /* DashBoard */,
				D35A29BE1AD2DA940028326D /* Register */,
				D35A29BD1AD2DA860028326D /* Login */,
				D35A299B1ACDA7080028326D /* AppDelegate.h */,
				D35A299C1ACDA7080028326D /* AppDelegate.m */,
				D35A299E1ACDA7080028326D /* ViewController.h */,
				D35A299F1ACDA7080028326D /* ViewController.m */,
				D35A29A11ACDA7080028326D /* Main.storyboard */,
				D35A29A41ACDA7080028326D /* Images.xcassets */,
				D35A29A61ACDA7080028326D /* LaunchScreen.xib */,
				D35A29971ACDA7080028326D /* Supporting Files */,
			);
			path = AgentYou;
			sourceTree = "<group>";
		};
		D35A29971ACDA7080028326D /* Supporting Files */ = {
			isa = PBXGroup;
			children = (
				D35A29981ACDA7080028326D /* Info.plist */,
				D35A29991ACDA7080028326D /* main.m */,
			);
			name = "Supporting Files";
			sourceTree = "<group>";
		};
		D35A29B01ACDA7080028326D /* AgentYouTests */ = {
			isa = PBXGroup;
			children = (
				D35A29B31ACDA7090028326D /* AgentYouTests.m */,
				D35A29B11ACDA7080028326D /* Supporting Files */,
			);
			path = AgentYouTests;
			sourceTree = "<group>";
		};
		D35A29B11ACDA7080028326D /* Supporting Files */ = {
			isa = PBXGroup;
			children = (
				D35A29B21ACDA7080028326D /* Info.plist */,
			);
			name = "Supporting Files";
			sourceTree = "<group>";
		};
		D35A29BD1AD2DA860028326D /* Login */ = {
			isa = PBXGroup;
			children = (
				D35A29C11AD2ED640028326D /* LoginViewController.m */,
				D35A29C31AD2ED880028326D /* LoginViewController.h */,
			);
			name = Login;
			sourceTree = "<group>";
		};
		D35A29BE1AD2DA940028326D /* Register */ = {
			isa = PBXGroup;
			children = (
				D35A29C41AD2F0D40028326D /* RegisterViewController.m */,
				D35A29C61AD2F0F00028326D /* RegisterViewController.h */,
			);
			name = Register;
			sourceTree = "<group>";
		};
		D35A29BF1AD2DABF0028326D /* DashBoard */ = {
			isa = PBXGroup;
			children = (
				D35A29C71AD2F17C0028326D /* DashBoardViewController.m */,
				D35A29C91AD2F1940028326D /* DashBoardViewController.h */,
			);
			name = DashBoard;
			sourceTree = "<group>";
		};
		D35A29C01AD2DACA0028326D /* Identify */ = {
			isa = PBXGroup;
			children = (
				D35A29CA1AD2F1B20028326D /* IdentifyViewController.h */,
				D35A29CB1AD2F1D30028326D /* IdentifyViewController.m */,
			);
			name = Identify;
			sourceTree = "<group>";
		};
		D35A29CD1AD3269C0028326D /* CreateAgentHashController */ = {
			isa = PBXGroup;
			children = (
				D35A29CE1AD326F40028326D /* CreateAgentHashController.m */,
				D35A29D01AD327200028326D /* CreateAgentHashController.h */,
			);
			name = CreateAgentHashController;
			sourceTree = "<group>";
		};
/* End PBXGroup section */

/* Begin PBXNativeTarget section */
		D35A29931ACDA7080028326D /* AgentYou */ = {
			isa = PBXNativeTarget;
			buildConfigurationList = D35A29B71ACDA7090028326D /* Build configuration list for PBXNativeTarget "AgentYou" */;
			buildPhases = (
				D35A29901ACDA7080028326D /* Sources */,
				D35A29911ACDA7080028326D /* Frameworks */,
				D35A29921ACDA7080028326D /* Resources */,
			);
			buildRules = (
			);
			dependencies = (
			);
			name = AgentYou;
			productName = AgentYou;
			productReference = D35A29941ACDA7080028326D /* AgentYou.app */;
			productType = "com.apple.product-type.application";
		};
		D35A29AC1ACDA7080028326D /* AgentYouTests */ = {
			isa = PBXNativeTarget;
			buildConfigurationList = D35A29BA1ACDA7090028326D /* Build configuration list for PBXNativeTarget "AgentYouTests" */;
			buildPhases = (
				D35A29A91ACDA7080028326D /* Sources */,
				D35A29AA1ACDA7080028326D /* Frameworks */,
				D35A29AB1ACDA7080028326D /* Resources */,
			);
			buildRules = (
			);
			dependencies = (
				D35A29AF1ACDA7080028326D /* PBXTargetDependency */,
			);
			name = AgentYouTests;
			productName = AgentYouTests;
			productReference = D35A29AD1ACDA7080028326D /* AgentYouTests.xctest */;
			productType = "com.apple.product-type.bundle.unit-test";
		};
/* End PBXNativeTarget section */

/* Begin PBXProject section */
		D35A298C1ACDA7080028326D /* Project object */ = {
			isa = PBXProject;
			attributes = {
				LastUpgradeCheck = 0620;
				ORGANIZATIONNAME = "Noah Butler";
				TargetAttributes = {
					D35A29931ACDA7080028326D = {
						CreatedOnToolsVersion = 6.2;
					};
					D35A29AC1ACDA7080028326D = {
						CreatedOnToolsVersion = 6.2;
						TestTargetID = D35A29931ACDA7080028326D;
					};
				};
			};
			buildConfigurationList = D35A298F1ACDA7080028326D /* Build configuration list for PBXProject "AgentYou" */;
			compatibilityVersion = "Xcode 3.2";
			developmentRegion = English;
			hasScannedForEncodings = 0;
			knownRegions = (
				en,
				Base,
			);
			mainGroup = D35A298B1ACDA7080028326D;
			productRefGroup = D35A29951ACDA7080028326D /* Products */;
			projectDirPath = "";
			projectRoot = "";
			targets = (
				D35A29931ACDA7080028326D /* AgentYou */,
				D35A29AC1ACDA7080028326D /* AgentYouTests */,
			);
		};
/* End PBXProject section */

/* Begin PBXResourcesBuildPhase section */
		D35A29921ACDA7080028326D /* Resources */ = {
			isa = PBXResourcesBuildPhase;
			buildActionMask = 2147483647;
			files = (
				D35A29A31ACDA7080028326D /* Main.storyboard in Resources */,
				D35A29A81ACDA7080028326D /* LaunchScreen.xib in Resources */,
				D35A29A51ACDA7080028326D /* Images.xcassets in Resources */,
			);
			runOnlyForDeploymentPostprocessing = 0;
		};
		D35A29AB1ACDA7080028326D /* Resources */ = {
			isa = PBXResourcesBuildPhase;
			buildActionMask = 2147483647;
			files = (
			);
			runOnlyForDeploymentPostprocessing = 0;
		};
/* End PBXResourcesBuildPhase section */

/* Begin PBXSourcesBuildPhase section */
		D35A29901ACDA7080028326D /* Sources */ = {
			isa = PBXSourcesBuildPhase;
			buildActionMask = 2147483647;
			files = (
				D35A29C21AD2ED640028326D /* LoginViewController.m in Sources */,
				D35A29CF1AD326F40028326D /* CreateAgentHashController.m in Sources */,
				D35A29A01ACDA7080028326D /* ViewController.m in Sources */,
				D35A299D1ACDA7080028326D /* AppDelegate.m in Sources */,
				D35A29C81AD2F17C0028326D /* DashBoardViewController.m in Sources */,
				D35A29CC1AD2F1D30028326D /* IdentifyViewController.m in Sources */,
				D35A29C51AD2F0D40028326D /* RegisterViewController.m in Sources */,
				D35A299A1ACDA7080028326D /* main.m in Sources */,
			);
			runOnlyForDeploymentPostprocessing = 0;
		};
		D35A29A91ACDA7080028326D /* Sources */ = {
			isa = PBXSourcesBuildPhase;
			buildActionMask = 2147483647;
			files = (
				D35A29B41ACDA7090028326D /* AgentYouTests.m in Sources */,
			);
			runOnlyForDeploymentPostprocessing = 0;
		};
/* End PBXSourcesBuildPhase section */

/* Begin PBXTargetDependency section */
		D35A29AF1ACDA7080028326D /* PBXTargetDependency */ = {
			isa = PBXTargetDependency;
			target = D35A29931ACDA7080028326D /* AgentYou */;
			targetProxy = D35A29AE1ACDA7080028326D /* PBXContainerItemProxy */;
		};
/* End PBXTargetDependency section */

/* Begin PBXVariantGroup section */
		D35A29A11ACDA7080028326D /* Main.storyboard */ = {
			isa = PBXVariantGroup;
			children = (
				D35A29A21ACDA7080028326D /* Base */,
			);
			name = Main.storyboard;
			sourceTree = "<group>";
		};
		D35A29A61ACDA7080028326D /* LaunchScreen.xib */ = {
			isa = PBXVariantGroup;
			children = (
				D35A29A71ACDA7080028326D /* Base */,
			);
			name = LaunchScreen.xib;
			sourceTree = "<group>";
		};
/* End PBXVariantGroup section */

/* Begin XCBuildConfiguration section */
		D35A29B51ACDA7090028326D /* Debug */ = {
			isa = XCBuildConfiguration;
			buildSettings = {
				ALWAYS_SEARCH_USER_PATHS = NO;
				CLANG_CXX_LANGUAGE_STANDARD = "gnu++0x";
				CLANG_CXX_LIBRARY = "libc++";
				CLANG_ENABLE_MODULES = YES;
				CLANG_ENABLE_OBJC_ARC = YES;
				CLANG_WARN_BOOL_CONVERSION = YES;
				CLANG_WARN_CONSTANT_CONVERSION = YES;
				CLANG_WARN_DIRECT_OBJC_ISA_USAGE = YES_ERROR;
				CLANG_WARN_EMPTY_BODY = YES;
				CLANG_WARN_ENUM_CONVERSION = YES;
				CLANG_WARN_INT_CONVERSION = YES;
				CLANG_WARN_OBJC_ROOT_CLASS = YES_ERROR;
				CLANG_WARN_UNREACHABLE_CODE = YES;
				CLANG_WARN__DUPLICATE_METHOD_MATCH = YES;
				"CODE_SIGN_IDENTITY[sdk=iphoneos*]" = "iPhone Developer";
				COPY_PHASE_STRIP = NO;
				ENABLE_STRICT_OBJC_MSGSEND = YES;
				GCC_C_LANGUAGE_STANDARD = gnu99;
				GCC_DYNAMIC_NO_PIC = NO;
				GCC_OPTIMIZATION_LEVEL = 0;
				GCC_PREPROCESSOR_DEFINITIONS = (
					"DEBUG=1",
					"$(inherited)",
				);
				GCC_SYMBOLS_PRIVATE_EXTERN = NO;
				GCC_WARN_64_TO_32_BIT_CONVERSION = YES;
				GCC_WARN_ABOUT_RETURN_TYPE = YES_ERROR;
				GCC_WARN_UNDECLARED_SELECTOR = YES;
				GCC_WARN_UNINITIALIZED_AUTOS = YES_AGGRESSIVE;
				GCC_WARN_UNUSED_FUNCTION = YES;
				GCC_WARN_UNUSED_VARIABLE = YES;
				IPHONEOS_DEPLOYMENT_TARGET = 8.2;
				MTL_ENABLE_DEBUG_INFO = YES;
				ONLY_ACTIVE_ARCH = YES;
				SDKROOT = iphoneos;
				TARGETED_DEVICE_FAMILY = "1,2";
			};
			name = Debug;
		};
		D35A29B61ACDA7090028326D /* Release */ = {
			isa = XCBuildConfiguration;
			buildSettings = {
				ALWAYS_SEARCH_USER_PATHS = NO;
				CLANG_CXX_LANGUAGE_STANDARD = "gnu++0x";
				CLANG_CXX_LIBRARY = "libc++";
				CLANG_ENABLE_MODULES = YES;
				CLANG_ENABLE_OBJC_ARC = YES;
				CLANG_WARN_BOOL_CONVERSION = YES;
				CLANG_WARN_CONSTANT_CONVERSION = YES;
				CLANG_WARN_DIRECT_OBJC_ISA_USAGE = YES_ERROR;
				CLANG_WARN_EMPTY_BODY = YES;
				CLANG_WARN_ENUM_CONVERSION = YES;
				CLANG_WARN_INT_CONVERSION = YES;
				CLANG_WARN_OBJC_ROOT_CLASS = YES_ERROR;
				CLANG_WARN_UNREACHABLE_CODE = YES;
				CLANG_WARN__DUPLICATE_METHOD_MATCH = YES;
				"CODE_SIGN_IDENTITY[sdk=iphoneos*]" = "iPhone Developer";
				COPY_PHASE_STRIP = NO;
				ENABLE_NS_ASSERTIONS = NO;
				ENABLE_STRICT_OBJC_MSGSEND = YES;
				GCC_C_LANGUAGE_STANDARD = gnu99;
				GCC_WARN_64_TO_32_BIT_CONVERSION = YES;
				GCC_WARN_ABOUT_RETURN_TYPE = YES_ERROR;
				GCC_WARN_UNDECLARED_SELECTOR = YES;
				GCC_WARN_UNINITIALIZED_AUTOS = YES_AGGRESSIVE;
				GCC_WARN_UNUSED_FUNCTION = YES;
				GCC_WARN_UNUSED_VARIABLE = YES;
				IPHONEOS_DEPLOYMENT_TARGET = 8.2;
				MTL_ENABLE_DEBUG_INFO = NO;
				SDKROOT = iphoneos;
				TARGETED_DEVICE_FAMILY = "1,2";
				VALIDATE_PRODUCT = YES;
			};
			name = Release;
		};
		D35A29B81ACDA7090028326D /* Debug */ = {
			isa = XCBuildConfiguration;
			buildSettings = {
				ASSETCATALOG_COMPILER_APPICON_NAME = AppIcon;
				INFOPLIST_FILE = AgentYou/Info.plist;
				LD_RUNPATH_SEARCH_PATHS = "$(inherited) @executable_path/Frameworks";
				PRODUCT_NAME = "$(TARGET_NAME)";
			};
			name = Debug;
		};
		D35A29B91ACDA7090028326D /* Release */ = {
			isa = XCBuildConfiguration;
			buildSettings = {
				ASSETCATALOG_COMPILER_APPICON_NAME = AppIcon;
				INFOPLIST_FILE = AgentYou/Info.plist;
				LD_RUNPATH_SEARCH_PATHS = "$(inherited) @executable_path/Frameworks";
				PRODUCT_NAME = "$(TARGET_NAME)";
			};
			name = Release;
		};
		D35A29BB1ACDA7090028326D /* Debug */ = {
			isa = XCBuildConfiguration;
			buildSettings = {
				BUNDLE_LOADER = "$(TEST_HOST)";
				FRAMEWORK_SEARCH_PATHS = (
					"$(SDKROOT)/Developer/Library/Frameworks",
					"$(inherited)",
				);
				GCC_PREPROCESSOR_DEFINITIONS = (
					"DEBUG=1",
					"$(inherited)",
				);
				INFOPLIST_FILE = AgentYouTests/Info.plist;
				LD_RUNPATH_SEARCH_PATHS = "$(inherited) @executable_path/Frameworks @loader_path/Frameworks";
				PRODUCT_NAME = "$(TARGET_NAME)";
				TEST_HOST = "$(BUILT_PRODUCTS_DIR)/AgentYou.app/AgentYou";
			};
			name = Debug;
		};
		D35A29BC1ACDA7090028326D /* Release */ = {
			isa = XCBuildConfiguration;
			buildSettings = {
				BUNDLE_LOADER = "$(TEST_HOST)";
				FRAMEWORK_SEARCH_PATHS = (
					"$(SDKROOT)/Developer/Library/Frameworks",
					"$(inherited)",
				);
				INFOPLIST_FILE = AgentYouTests/Info.plist;
				LD_RUNPATH_SEARCH_PATHS = "$(inherited) @executable_path/Frameworks @loader_path/Frameworks";
				PRODUCT_NAME = "$(TARGET_NAME)";
				TEST_HOST = "$(BUILT_PRODUCTS_DIR)/AgentYou.app/AgentYou";
			};
			name = Release;
		};
/* End XCBuildConfiguration section */

/* Begin XCConfigurationList section */
		D35A298F1ACDA7080028326D /* Build configuration list for PBXProject "AgentYou" */ = {
			isa = XCConfigurationList;
			buildConfigurations = (
				D35A29B51ACDA7090028326D /* Debug */,
				D35A29B61ACDA7090028326D /* Release */,
			);
			defaultConfigurationIsVisible = 0;
			defaultConfigurationName = Release;
		};
		D35A29B71ACDA7090028326D /* Build configuration list for PBXNativeTarget "AgentYou" */ = {
			isa = XCConfigurationList;
			buildConfigurations = (
				D35A29B81ACDA7090028326D /* Debug */,
				D35A29B91ACDA7090028326D /* Release */,
			);
			defaultConfigurationIsVisible = 0;
		};
		D35A29BA1ACDA7090028326D /* Build configuration list for PBXNativeTarget "AgentYouTests" */ = {
			isa = XCConfigurationList;
			buildConfigurations = (
				D35A29BB1ACDA7090028326D /* Debug */,
				D35A29BC1ACDA7090028326D /* Release */,
			);
			defaultConfigurationIsVisible = 0;
		};
/* End XCConfigurationList section */
	};
	rootObject = D35A298C1ACDA7080028326D /* Project object */;
}
